
Microsoft Visual Studio Solution File, Format Version 12.00
# Visual Studio Version 16
VisualStudioVersion = 16.0.31424.327
MinimumVisualStudioVersion = 10.0.40219.1
Project("{9A19103F-16F7-4668-BE54-9A1E7A4F7556}") = "CustomerMicroservice", "customer\CustomerMicroservice.csproj", "{1FB34EE7-68B6-4741-A2F1-D94ED1E590B2}"
EndProject
Project("{9A19103F-16F7-4668-BE54-9A1E7A4F7556}") = "customerTesting", "customerTesting\customerTesting.csproj", "{2F08264C-5724-4E78-A53F-6EC8689108FB}"
EndProject
Global
	GlobalSection(SolutionConfigurationPlatforms) = preSolution
		Debug|Any CPU = Debug|Any CPU
		Release|Any CPU = Release|Any CPU
	EndGlobalSection
	GlobalSection(ProjectConfigurationPlatforms) = postSolution
		{1FB34EE7-68B6-4741-A2F1-D94ED1E590B2}.Debug|Any CPU.ActiveCfg = Debug|Any CPU
		{1FB34EE7-68B6-4741-A2F1-D94ED1E590B2}.Debug|Any CPU.Build.0 = Debug|Any CPU
		{1FB34EE7-68B6-4741-A2F1-D94ED1E590B2}.Release|Any CPU.ActiveCfg = Release|Any CPU
		{1FB34EE7-68B6-4741-A2F1-D94ED1E590B2}.Release|Any CPU.Build.0 = Release|Any CPU
		{2F08264C-5724-4E78-A53F-6EC8689108FB}.Debug|Any CPU.ActiveCfg = Debug|Any CPU
		{2F08264C-5724-4E78-A53F-6EC8689108FB}.Debug|Any CPU.Build.0 = Debug|Any CPU
		{2F08264C-5724-4E78-A53F-6EC8689108FB}.Release|Any CPU.ActiveCfg = Release|Any CPU
		{2F08264C-5724-4E78-A53F-6EC8689108FB}.Release|Any CPU.Build.0 = Release|Any CPU
	EndGlobalSection
	GlobalSection(SolutionProperties) = preSolution
		HideSolutionNode = FALSE
	EndGlobalSection
	GlobalSection(ExtensibilityGlobals) = postSolution
		SolutionGuid = {E7B1DD7F-AAFA-4DB6-9A8D-BCA53970F487}
	EndGlobalSection
EndGlobal
